
Microsoft Visual Studio Solution File, Format Version 12.00
# Visual Studio 2013
VisualStudioVersion = 12.0.21005.1
MinimumVisualStudioVersion = 10.0.40219.1
Project("{8BC9CEB8-8B4A-11D0-8D11-00A0C91BC942}") = "Win32Project1", "Win32Project1\Win32Project1.vcxproj", "{652EF476-EF98-4B81-BE9E-4489C5D6E639}"
EndProject
Project("{8BC9CEB8-8B4A-11D0-8D11-00A0C91BC942}") = "SocketioSelect", "SocketioSelect\SocketioSelect.vcxproj", "{5566D284-204D-4BBE-9C07-10B2A404E41E}"
EndProject
Project("{8BC9CEB8-8B4A-11D0-8D11-00A0C91BC942}") = "SocketTestClient", "SocketTestClient\SocketTestClient.vcxproj", "{0BE1D603-A480-4C05-8182-E9B19B172C2D}"
EndProject
Project("{8BC9CEB8-8B4A-11D0-8D11-00A0C91BC942}") = "WSAAsyncSelect", "WSAAsyncSelect\WSAAsyncSelect.vcxproj", "{278D44FB-4A44-4CF7-86A8-98CBA7BB42A3}"
EndProject
Project("{8BC9CEB8-8B4A-11D0-8D11-00A0C91BC942}") = "SampleSocketClient", "SampleSocketClient\SampleSocketClient.vcxproj", "{EFA558B1-0910-4F33-A05B-9B91D459719F}"
EndProject
Project("{8BC9CEB8-8B4A-11D0-8D11-00A0C91BC942}") = "WSAEventSelect", "WSAEventSelect\WSAEventSelect.vcxproj", "{F42B470B-78FB-4135-9CB0-40AE1C49CCC2}"
EndProject
Project("{8BC9CEB8-8B4A-11D0-8D11-00A0C91BC942}") = "OverlappedModel", "OverlappedModel\OverlappedModel.vcxproj", "{7EEFC829-965C-4198-95A6-4D7CEB8C204A}"
EndProject
Project("{8BC9CEB8-8B4A-11D0-8D11-00A0C91BC942}") = "OverlappedModelAcceptEx", "OverlappedModelAcceptEx\OverlappedModelAcceptEx.vcxproj", "{283BF901-0E6A-42A4-890C-908366011157}"
EndProject
Project("{8BC9CEB8-8B4A-11D0-8D11-00A0C91BC942}") = "CallbackAccept", "CallbackAccept\CallbackAccept.vcxproj", "{716887A0-E962-4DEC-B160-864266777B41}"
EndProject
Project("{8BC9CEB8-8B4A-11D0-8D11-00A0C91BC942}") = "CallbackAcceptEx", "CallbackAcceptEx\CallbackAcceptEx.vcxproj", "{3981D095-9D43-4340-B211-6A42B57D99C6}"
EndProject
Project("{8BC9CEB8-8B4A-11D0-8D11-00A0C91BC942}") = "IOComplete", "IOComplete\IOComplete.vcxproj", "{C5773202-E114-4550-B3C2-AC6FF091C722}"
EndProject
Project("{8BC9CEB8-8B4A-11D0-8D11-00A0C91BC942}") = "wsaAsyncSelectServer", "wsaAsyncSelectServer\wsaAsyncSelectServer.vcxproj", "{5ED62111-321D-49F7-BEFA-510D582E145E}"
EndProject
Project("{8BC9CEB8-8B4A-11D0-8D11-00A0C91BC942}") = "SampleCode", "SampleCode\SampleCode.vcxproj", "{2D5241AE-8250-491C-9517-6ED7FCDF17B3}"
EndProject
Project("{8BC9CEB8-8B4A-11D0-8D11-00A0C91BC942}") = "directshowTest", "directshowTest\directshowTest.vcxproj", "{60828310-CBEE-4A0F-B21F-A8F6B53C9474}"
EndProject
Project("{8BC9CEB8-8B4A-11D0-8D11-00A0C91BC942}") = "commandCamera", "commandCamera\commandCamera.vcxproj", "{FEBACCC4-8916-43E8-ADEA-99D0350538FD}"
EndProject
Project("{8BC9CEB8-8B4A-11D0-8D11-00A0C91BC942}") = "CommandHttpClient", "CommandHttpClient\CommandHttpClient.vcxproj", "{94B72C09-CBC8-43FB-A26B-40FD8403148E}"
EndProject
Project("{8BC9CEB8-8B4A-11D0-8D11-00A0C91BC942}") = "commandlineExcel2picture", "commandlineExcel2picture\commandlineExcel2picture.vcxproj", "{53EC376B-B383-420B-A0EC-B523F2B8A289}"
EndProject
Project("{8BC9CEB8-8B4A-11D0-8D11-00A0C91BC942}") = "ProgramingWithLua", "ProgramingWithLua\ProgramingWithLua.vcxproj", "{36F861A2-F342-4563-AEBC-653D7BA7FCF2}"
EndProject
Project("{8BC9CEB8-8B4A-11D0-8D11-00A0C91BC942}") = "WininetSample", "WininetSample\WininetSample.vcxproj", "{3F693519-979A-41F0-80DB-93FC12DEC816}"
EndProject
Global
	GlobalSection(SolutionConfigurationPlatforms) = preSolution
		Debug|Win32 = Debug|Win32
		Release|Win32 = Release|Win32
	EndGlobalSection
	GlobalSection(ProjectConfigurationPlatforms) = postSolution
		{652EF476-EF98-4B81-BE9E-4489C5D6E639}.Debug|Win32.ActiveCfg = Debug|Win32
		{652EF476-EF98-4B81-BE9E-4489C5D6E639}.Debug|Win32.Build.0 = Debug|Win32
		{652EF476-EF98-4B81-BE9E-4489C5D6E639}.Release|Win32.ActiveCfg = Release|Win32
		{652EF476-EF98-4B81-BE9E-4489C5D6E639}.Release|Win32.Build.0 = Release|Win32
		{5566D284-204D-4BBE-9C07-10B2A404E41E}.Debug|Win32.ActiveCfg = Debug|Win32
		{5566D284-204D-4BBE-9C07-10B2A404E41E}.Debug|Win32.Build.0 = Debug|Win32
		{5566D284-204D-4BBE-9C07-10B2A404E41E}.Release|Win32.ActiveCfg = Release|Win32
		{5566D284-204D-4BBE-9C07-10B2A404E41E}.Release|Win32.Build.0 = Release|Win32
		{0BE1D603-A480-4C05-8182-E9B19B172C2D}.Debug|Win32.ActiveCfg = Debug|Win32
		{0BE1D603-A480-4C05-8182-E9B19B172C2D}.Debug|Win32.Build.0 = Debug|Win32
		{0BE1D603-A480-4C05-8182-E9B19B172C2D}.Release|Win32.ActiveCfg = Release|Win32
		{0BE1D603-A480-4C05-8182-E9B19B172C2D}.Release|Win32.Build.0 = Release|Win32
		{278D44FB-4A44-4CF7-86A8-98CBA7BB42A3}.Debug|Win32.ActiveCfg = Debug|Win32
		{278D44FB-4A44-4CF7-86A8-98CBA7BB42A3}.Debug|Win32.Build.0 = Debug|Win32
		{278D44FB-4A44-4CF7-86A8-98CBA7BB42A3}.Release|Win32.ActiveCfg = Release|Win32
		{278D44FB-4A44-4CF7-86A8-98CBA7BB42A3}.Release|Win32.Build.0 = Release|Win32
		{EFA558B1-0910-4F33-A05B-9B91D459719F}.Debug|Win32.ActiveCfg = Debug|Win32
		{EFA558B1-0910-4F33-A05B-9B91D459719F}.Debug|Win32.Build.0 = Debug|Win32
		{EFA558B1-0910-4F33-A05B-9B91D459719F}.Release|Win32.ActiveCfg = Release|Win32
		{EFA558B1-0910-4F33-A05B-9B91D459719F}.Release|Win32.Build.0 = Release|Win32
		{F42B470B-78FB-4135-9CB0-40AE1C49CCC2}.Debug|Win32.ActiveCfg = Debug|Win32
		{F42B470B-78FB-4135-9CB0-40AE1C49CCC2}.Debug|Win32.Build.0 = Debug|Win32
		{F42B470B-78FB-4135-9CB0-40AE1C49CCC2}.Release|Win32.ActiveCfg = Release|Win32
		{F42B470B-78FB-4135-9CB0-40AE1C49CCC2}.Release|Win32.Build.0 = Release|Win32
		{7EEFC829-965C-4198-95A6-4D7CEB8C204A}.Debug|Win32.ActiveCfg = Debug|Win32
		{7EEFC829-965C-4198-95A6-4D7CEB8C204A}.Debug|Win32.Build.0 = Debug|Win32
		{7EEFC829-965C-4198-95A6-4D7CEB8C204A}.Release|Win32.ActiveCfg = Release|Win32
		{7EEFC829-965C-4198-95A6-4D7CEB8C204A}.Release|Win32.Build.0 = Release|Win32
		{283BF901-0E6A-42A4-890C-908366011157}.Debug|Win32.ActiveCfg = Debug|Win32
		{283BF901-0E6A-42A4-890C-908366011157}.Debug|Win32.Build.0 = Debug|Win32
		{283BF901-0E6A-42A4-890C-908366011157}.Release|Win32.ActiveCfg = Release|Win32
		{283BF901-0E6A-42A4-890C-908366011157}.Release|Win32.Build.0 = Release|Win32
		{716887A0-E962-4DEC-B160-864266777B41}.Debug|Win32.ActiveCfg = Debug|Win32
		{716887A0-E962-4DEC-B160-864266777B41}.Debug|Win32.Build.0 = Debug|Win32
		{716887A0-E962-4DEC-B160-864266777B41}.Release|Win32.ActiveCfg = Release|Win32
		{716887A0-E962-4DEC-B160-864266777B41}.Release|Win32.Build.0 = Release|Win32
		{3981D095-9D43-4340-B211-6A42B57D99C6}.Debug|Win32.ActiveCfg = Debug|Win32
		{3981D095-9D43-4340-B211-6A42B57D99C6}.Debug|Win32.Build.0 = Debug|Win32
		{3981D095-9D43-4340-B211-6A42B57D99C6}.Release|Win32.ActiveCfg = Release|Win32
		{3981D095-9D43-4340-B211-6A42B57D99C6}.Release|Win32.Build.0 = Release|Win32
		{C5773202-E114-4550-B3C2-AC6FF091C722}.Debug|Win32.ActiveCfg = Debug|Win32
		{C5773202-E114-4550-B3C2-AC6FF091C722}.Debug|Win32.Build.0 = Debug|Win32
		{C5773202-E114-4550-B3C2-AC6FF091C722}.Release|Win32.ActiveCfg = Release|Win32
		{C5773202-E114-4550-B3C2-AC6FF091C722}.Release|Win32.Build.0 = Release|Win32
		{5ED62111-321D-49F7-BEFA-510D582E145E}.Debug|Win32.ActiveCfg = Debug|Win32
		{5ED62111-321D-49F7-BEFA-510D582E145E}.Debug|Win32.Build.0 = Debug|Win32
		{5ED62111-321D-49F7-BEFA-510D582E145E}.Release|Win32.ActiveCfg = Release|Win32
		{5ED62111-321D-49F7-BEFA-510D582E145E}.Release|Win32.Build.0 = Release|Win32
		{2D5241AE-8250-491C-9517-6ED7FCDF17B3}.Debug|Win32.ActiveCfg = Debug|Win32
		{2D5241AE-8250-491C-9517-6ED7FCDF17B3}.Debug|Win32.Build.0 = Debug|Win32
		{2D5241AE-8250-491C-9517-6ED7FCDF17B3}.Release|Win32.ActiveCfg = Release|Win32
		{2D5241AE-8250-491C-9517-6ED7FCDF17B3}.Release|Win32.Build.0 = Release|Win32
		{60828310-CBEE-4A0F-B21F-A8F6B53C9474}.Debug|Win32.ActiveCfg = Debug|Win32
		{60828310-CBEE-4A0F-B21F-A8F6B53C9474}.Debug|Win32.Build.0 = Debug|Win32
		{60828310-CBEE-4A0F-B21F-A8F6B53C9474}.Release|Win32.ActiveCfg = Release|Win32
		{60828310-CBEE-4A0F-B21F-A8F6B53C9474}.Release|Win32.Build.0 = Release|Win32
		{FEBACCC4-8916-43E8-ADEA-99D0350538FD}.Debug|Win32.ActiveCfg = Debug|Win32
		{FEBACCC4-8916-43E8-ADEA-99D0350538FD}.Debug|Win32.Build.0 = Debug|Win32
		{FEBACCC4-8916-43E8-ADEA-99D0350538FD}.Release|Win32.ActiveCfg = Release|Win32
		{FEBACCC4-8916-43E8-ADEA-99D0350538FD}.Release|Win32.Build.0 = Release|Win32
		{94B72C09-CBC8-43FB-A26B-40FD8403148E}.Debug|Win32.ActiveCfg = Debug|Win32
		{94B72C09-CBC8-43FB-A26B-40FD8403148E}.Debug|Win32.Build.0 = Debug|Win32
		{94B72C09-CBC8-43FB-A26B-40FD8403148E}.Release|Win32.ActiveCfg = Release|Win32
		{94B72C09-CBC8-43FB-A26B-40FD8403148E}.Release|Win32.Build.0 = Release|Win32
		{53EC376B-B383-420B-A0EC-B523F2B8A289}.Debug|Win32.ActiveCfg = Debug|Win32
		{53EC376B-B383-420B-A0EC-B523F2B8A289}.Debug|Win32.Build.0 = Debug|Win32
		{53EC376B-B383-420B-A0EC-B523F2B8A289}.Release|Win32.ActiveCfg = Release|Win32
		{53EC376B-B383-420B-A0EC-B523F2B8A289}.Release|Win32.Build.0 = Release|Win32
		{36F861A2-F342-4563-AEBC-653D7BA7FCF2}.Debug|Win32.ActiveCfg = Debug|Win32
		{36F861A2-F342-4563-AEBC-653D7BA7FCF2}.Debug|Win32.Build.0 = Debug|Win32
		{36F861A2-F342-4563-AEBC-653D7BA7FCF2}.Release|Win32.ActiveCfg = Release|Win32
		{36F861A2-F342-4563-AEBC-653D7BA7FCF2}.Release|Win32.Build.0 = Release|Win32
		{3F693519-979A-41F0-80DB-93FC12DEC816}.Debug|Win32.ActiveCfg = Debug|Win32
		{3F693519-979A-41F0-80DB-93FC12DEC816}.Debug|Win32.Build.0 = Debug|Win32
		{3F693519-979A-41F0-80DB-93FC12DEC816}.Release|Win32.ActiveCfg = Release|Win32
		{3F693519-979A-41F0-80DB-93FC12DEC816}.Release|Win32.Build.0 = Release|Win32
	EndGlobalSection
	GlobalSection(SolutionProperties) = preSolution
		HideSolutionNode = FALSE
	EndGlobalSection
EndGlobal
