<?xml version="1.0" encoding="utf-8"?>
<Project ToolsVersion="4.0" xmlns="http://schemas.microsoft.com/developer/msbuild/2003">
  <ItemGroup>
    <Filter Include="源文件">
      <UniqueIdentifier>{4FC737F1-C7A5-4376-A066-2A32D752A2FF}</UniqueIdentifier>
      <Extensions>cpp;c;cc;cxx;def;odl;idl;hpj;bat;asm;asmx</Extensions>
    </Filter>
    <Filter Include="头文件">
      <UniqueIdentifier>{93995380-89BD-4b04-88EB-625FBE52EBFB}</UniqueIdentifier>
      <Extensions>h;hh;hpp;hxx;hm;inl;inc;xsd</Extensions>
    </Filter>
    <Filter Include="资源文件">
      <UniqueIdentifier>{67DA6AB6-F800-4c08-8B7A-83BB121AAD01}</UniqueIdentifier>
      <Extensions>rc;ico;cur;bmp;dlg;rc2;rct;bin;rgs;gif;jpg;jpeg;jpe;resx;tiff;tif;png;wav;mfcribbon-ms</Extensions>
    </Filter>
    <Filter Include="lua">
      <UniqueIdentifier>{aa6521b8-b7d2-44e9-9f36-8524f2285b7e}</UniqueIdentifier>
    </Filter>
    <Filter Include="luabinding">
      <UniqueIdentifier>{9ff32c3a-0a0e-42f2-b907-eaf201926936}</UniqueIdentifier>
    </Filter>
    <Filter Include="luabinding\tolua">
      <UniqueIdentifier>{847cd3cf-8fab-424c-82c1-572cae983fd8}</UniqueIdentifier>
    </Filter>
  </ItemGroup>
  <ItemGroup>
    <Text Include="ReadMe.txt" />
  </ItemGroup>
  <ItemGroup>
    <ClInclude Include="stdafx.h">
      <Filter>头文件</Filter>
    </ClInclude>
    <ClInclude Include="targetver.h">
      <Filter>头文件</Filter>
    </ClInclude>
    <ClInclude Include="..\ExternalCode\lua\include\lauxlib.h">
      <Filter>lua</Filter>
    </ClInclude>
    <ClInclude Include="..\ExternalCode\lua\include\lua.h">
      <Filter>lua</Filter>
    </ClInclude>
    <ClInclude Include="..\ExternalCode\lua\include\lua.hpp">
      <Filter>lua</Filter>
    </ClInclude>
    <ClInclude Include="..\ExternalCode\lua\include\luaconf.h">
      <Filter>lua</Filter>
    </ClInclude>
    <ClInclude Include="..\ExternalCode\lua\include\lualib.h">
      <Filter>lua</Filter>
    </ClInclude>
    <ClInclude Include="1D_Point.h">
      <Filter>luabinding</Filter>
    </ClInclude>
    <ClInclude Include="2D_Point.h">
      <Filter>luabinding</Filter>
    </ClInclude>
    <ClInclude Include="UsingLua.h">
      <Filter>头文件</Filter>
    </ClInclude>
  </ItemGroup>
  <ItemGroup>
    <ClCompile Include="stdafx.cpp">
      <Filter>源文件</Filter>
    </ClCompile>
    <ClCompile Include="ProgramingWithLua.cpp">
      <Filter>源文件</Filter>
    </ClCompile>
    <ClCompile Include="1D_Point.cpp">
      <Filter>luabinding</Filter>
    </ClCompile>
    <ClCompile Include="2D_Point.cpp">
      <Filter>luabinding</Filter>
    </ClCompile>
    <ClCompile Include="Lua_1D_Point.cpp">
      <Filter>luabinding\tolua</Filter>
    </ClCompile>
    <ClCompile Include="Lua_2D_Point.cpp">
      <Filter>luabinding\tolua</Filter>
    </ClCompile>
    <ClCompile Include="UsingLua.cpp">
      <Filter>源文件</Filter>
    </ClCompile>
  </ItemGroup>
</Project>